
Microsoft Visual Studio Solution File, Format Version 12.00
# Visual Studio Version 16
VisualStudioVersion = 16.0.32413.511
MinimumVisualStudioVersion = 10.0.40219.1
Project("{FAE04EC0-301F-11D3-BF4B-00C04F79EFBC}") = "VPPWeb", "VPPWeb.csproj", "{E43CEC24-D210-4C99-B73A-CB83726FA2AF}"
EndProject
Project("{FAE04EC0-301F-11D3-BF4B-00C04F79EFBC}") = "VPPModel", "..\VPPModel\VPPModel.csproj", "{3893C27B-5F6D-479D-B482-409A1D483157}"
EndProject
Project("{FAE04EC0-301F-11D3-BF4B-00C04F79EFBC}") = "Message_BL", "..\Message_BL\Message_BL.csproj", "{AA85ADB9-9B13-42D6-A659-99D851E2FEF0}"
EndProject
Project("{FAE04EC0-301F-11D3-BF4B-00C04F79EFBC}") = "Partner_BL", "..\Partner_BL\Partner_BL.csproj", "{1758B1DE-7D1A-4FB0-99A3-B4DF4A6CF694}"
EndProject
Project("{FAE04EC0-301F-11D3-BF4B-00C04F79EFBC}") = "VPP_PublicWeb", "..\VPP_PublicWeb\VPP_PublicWeb.csproj", "{729F9FC5-9366-4760-A66C-7385F058ABDE}"
EndProject
Project("{FAE04EC0-301F-11D3-BF4B-00C04F79EFBC}") = "Point_BL", "..\Point_BL\Point_BL.csproj", "{80D8809F-D1B7-45C1-8916-A6EC4C002613}"
EndProject
Project("{FAE04EC0-301F-11D3-BF4B-00C04F79EFBC}") = "User_BL", "..\User_BL\User_BL.csproj", "{A0CF2A27-CB2F-43A6-B806-D60F41A34294}"
EndProject
Project("{FAE04EC0-301F-11D3-BF4B-00C04F79EFBC}") = "Multipurpose_BL", "..\Multipurpose_BL\Multipurpose_BL.csproj", "{E315F9D6-3E1E-4C27-8F57-34BF6C520523}"
EndProject
Project("{FAE04EC0-301F-11D3-BF4B-00C04F79EFBC}") = "ErrorLog_BL", "..\ErrorLog_BL\ErrorLog_BL.csproj", "{F67A8FA2-CDD5-4202-B87D-17E0C48CA8E0}"
EndProject
Project("{FAE04EC0-301F-11D3-BF4B-00C04F79EFBC}") = "Reward_BL", "..\Reward_BL\Reward_BL.csproj", "{BA6ED8E6-3788-4A4B-A2DC-99D099EF9F79}"
EndProject
Project("{FAE04EC0-301F-11D3-BF4B-00C04F79EFBC}") = "ProductCategory_BL", "..\ProductCategory_BL\ProductCategory_BL.csproj", "{C846E3EC-8A00-4911-B66E-4497FC108A1B}"
EndProject
Global
	GlobalSection(SolutionConfigurationPlatforms) = preSolution
		Debug|Any CPU = Debug|Any CPU
		Release|Any CPU = Release|Any CPU
	EndGlobalSection
	GlobalSection(ProjectConfigurationPlatforms) = postSolution
		{E43CEC24-D210-4C99-B73A-CB83726FA2AF}.Debug|Any CPU.ActiveCfg = Debug|Any CPU
		{E43CEC24-D210-4C99-B73A-CB83726FA2AF}.Debug|Any CPU.Build.0 = Debug|Any CPU
		{E43CEC24-D210-4C99-B73A-CB83726FA2AF}.Release|Any CPU.ActiveCfg = Release|Any CPU
		{E43CEC24-D210-4C99-B73A-CB83726FA2AF}.Release|Any CPU.Build.0 = Release|Any CPU
		{3893C27B-5F6D-479D-B482-409A1D483157}.Debug|Any CPU.ActiveCfg = Debug|Any CPU
		{3893C27B-5F6D-479D-B482-409A1D483157}.Debug|Any CPU.Build.0 = Debug|Any CPU
		{3893C27B-5F6D-479D-B482-409A1D483157}.Release|Any CPU.ActiveCfg = Release|Any CPU
		{3893C27B-5F6D-479D-B482-409A1D483157}.Release|Any CPU.Build.0 = Release|Any CPU
		{AA85ADB9-9B13-42D6-A659-99D851E2FEF0}.Debug|Any CPU.ActiveCfg = Debug|Any CPU
		{AA85ADB9-9B13-42D6-A659-99D851E2FEF0}.Debug|Any CPU.Build.0 = Debug|Any CPU
		{AA85ADB9-9B13-42D6-A659-99D851E2FEF0}.Release|Any CPU.ActiveCfg = Release|Any CPU
		{AA85ADB9-9B13-42D6-A659-99D851E2FEF0}.Release|Any CPU.Build.0 = Release|Any CPU
		{1758B1DE-7D1A-4FB0-99A3-B4DF4A6CF694}.Debug|Any CPU.ActiveCfg = Debug|Any CPU
		{1758B1DE-7D1A-4FB0-99A3-B4DF4A6CF694}.Debug|Any CPU.Build.0 = Debug|Any CPU
		{1758B1DE-7D1A-4FB0-99A3-B4DF4A6CF694}.Release|Any CPU.ActiveCfg = Release|Any CPU
		{1758B1DE-7D1A-4FB0-99A3-B4DF4A6CF694}.Release|Any CPU.Build.0 = Release|Any CPU
		{729F9FC5-9366-4760-A66C-7385F058ABDE}.Debug|Any CPU.ActiveCfg = Debug|Any CPU
		{729F9FC5-9366-4760-A66C-7385F058ABDE}.Debug|Any CPU.Build.0 = Debug|Any CPU
		{729F9FC5-9366-4760-A66C-7385F058ABDE}.Release|Any CPU.ActiveCfg = Release|Any CPU
		{729F9FC5-9366-4760-A66C-7385F058ABDE}.Release|Any CPU.Build.0 = Release|Any CPU
		{80D8809F-D1B7-45C1-8916-A6EC4C002613}.Debug|Any CPU.ActiveCfg = Debug|Any CPU
		{80D8809F-D1B7-45C1-8916-A6EC4C002613}.Debug|Any CPU.Build.0 = Debug|Any CPU
		{80D8809F-D1B7-45C1-8916-A6EC4C002613}.Release|Any CPU.ActiveCfg = Release|Any CPU
		{80D8809F-D1B7-45C1-8916-A6EC4C002613}.Release|Any CPU.Build.0 = Release|Any CPU
		{A0CF2A27-CB2F-43A6-B806-D60F41A34294}.Debug|Any CPU.ActiveCfg = Debug|Any CPU
		{A0CF2A27-CB2F-43A6-B806-D60F41A34294}.Debug|Any CPU.Build.0 = Debug|Any CPU
		{A0CF2A27-CB2F-43A6-B806-D60F41A34294}.Release|Any CPU.ActiveCfg = Release|Any CPU
		{A0CF2A27-CB2F-43A6-B806-D60F41A34294}.Release|Any CPU.Build.0 = Release|Any CPU
		{E315F9D6-3E1E-4C27-8F57-34BF6C520523}.Debug|Any CPU.ActiveCfg = Debug|Any CPU
		{E315F9D6-3E1E-4C27-8F57-34BF6C520523}.Debug|Any CPU.Build.0 = Debug|Any CPU
		{E315F9D6-3E1E-4C27-8F57-34BF6C520523}.Release|Any CPU.ActiveCfg = Release|Any CPU
		{E315F9D6-3E1E-4C27-8F57-34BF6C520523}.Release|Any CPU.Build.0 = Release|Any CPU
		{F67A8FA2-CDD5-4202-B87D-17E0C48CA8E0}.Debug|Any CPU.ActiveCfg = Debug|Any CPU
		{F67A8FA2-CDD5-4202-B87D-17E0C48CA8E0}.Debug|Any CPU.Build.0 = Debug|Any CPU
		{F67A8FA2-CDD5-4202-B87D-17E0C48CA8E0}.Release|Any CPU.ActiveCfg = Release|Any CPU
		{F67A8FA2-CDD5-4202-B87D-17E0C48CA8E0}.Release|Any CPU.Build.0 = Release|Any CPU
		{BA6ED8E6-3788-4A4B-A2DC-99D099EF9F79}.Debug|Any CPU.ActiveCfg = Debug|Any CPU
		{BA6ED8E6-3788-4A4B-A2DC-99D099EF9F79}.Debug|Any CPU.Build.0 = Debug|Any CPU
		{BA6ED8E6-3788-4A4B-A2DC-99D099EF9F79}.Release|Any CPU.ActiveCfg = Release|Any CPU
		{BA6ED8E6-3788-4A4B-A2DC-99D099EF9F79}.Release|Any CPU.Build.0 = Release|Any CPU
		{C846E3EC-8A00-4911-B66E-4497FC108A1B}.Debug|Any CPU.ActiveCfg = Debug|Any CPU
		{C846E3EC-8A00-4911-B66E-4497FC108A1B}.Debug|Any CPU.Build.0 = Debug|Any CPU
		{C846E3EC-8A00-4911-B66E-4497FC108A1B}.Release|Any CPU.ActiveCfg = Release|Any CPU
		{C846E3EC-8A00-4911-B66E-4497FC108A1B}.Release|Any CPU.Build.0 = Release|Any CPU
	EndGlobalSection
	GlobalSection(SolutionProperties) = preSolution
		HideSolutionNode = FALSE
	EndGlobalSection
	GlobalSection(ExtensibilityGlobals) = postSolution
		SolutionGuid = {442009BB-DE02-4534-8C6D-5FF9D4916A27}
	EndGlobalSection
EndGlobal
